{
	"name": "@loopback/context-explorer",
	"version": "0.2.5",
	"lockfileVersion": 1,
	"requires": true,
	"dependencies": {
		"@types/node": {
			"version": "10.17.51",
			"resolved": "https://registry.npmjs.org/@types/node/-/node-10.17.51.tgz",
			"integrity": "sha512-KANw+MkL626tq90l++hGelbl67irOJzGhUJk6a1Bt8QHOeh9tztJx+L0AqttraWKinmZn7Qi5lJZJzx45Gq0dg==",
			"dev": true
		},
		"ts-graphviz": {
			"version": "0.13.2",
			"resolved": "https://registry.npmjs.org/ts-graphviz/-/ts-graphviz-0.13.2.tgz",
			"integrity": "sha512-ykQpHPT1RVNzv/ZN/zwawDIFHi8eiEl+H3x3B+ZOQ9eMUaosVMd1ePaf/CA9b15iix48cTa7RcXcWvI/ZgoNKw==",
			"requires": {
				"tslib": "^2.0.0"
			}
		},
		"tslib": {
			"version": "2.1.0",
			"resolved": "https://registry.npmjs.org/tslib/-/tslib-2.1.0.tgz",
			"integrity": "sha512-hcVC3wYEziELGGmEEXue7D75zbwIIVUMWAVbHItGPx0ziyXxrOMQx4rQEVEV45Ut/1IotuEvwqPopzIOkDMf0A=="
		},
		"viz.js": {
			"version": "2.1.2",
			"resolved": "https://registry.npmjs.org/viz.js/-/viz.js-2.1.2.tgz",
			"integrity": "sha512-UO6CPAuEMJ8oNR0gLLNl+wUiIzQUsyUOp8SyyDKTqVRBtq7kk1VnFmIZW8QufjxGrGEuI+LVR7p/C7uEKy0LQw=="
		}
	}
}
